
Microsoft Visual Studio Solution File, Format Version 12.00
# Visual Studio Version 17
VisualStudioVersion = 17.0.31903.59
MinimumVisualStudioVersion = 10.0.40219.1
Project("{9A19103F-16F7-4668-BE54-9A1E7A4F7556}") = "WushuCompetition", "WushuCompetition\WushuCompetition.csproj", "{90F7473D-71FC-4895-A593-DBA5E6ACB462}"
EndProject
Global
	GlobalSection(SolutionConfigurationPlatforms) = preSolution
		Debug|Any CPU = Debug|Any CPU
		Release|Any CPU = Release|Any CPU
	EndGlobalSection
	GlobalSection(ProjectConfigurationPlatforms) = postSolution
		{90F7473D-71FC-4895-A593-DBA5E6ACB462}.Debug|Any CPU.ActiveCfg = Debug|Any CPU
		{90F7473D-71FC-4895-A593-DBA5E6ACB462}.Debug|Any CPU.Build.0 = Debug|Any CPU
		{90F7473D-71FC-4895-A593-DBA5E6ACB462}.Release|Any CPU.ActiveCfg = Release|Any CPU
		{90F7473D-71FC-4895-A593-DBA5E6ACB462}.Release|Any CPU.Build.0 = Release|Any CPU
	EndGlobalSection
	GlobalSection(SolutionProperties) = preSolution
		HideSolutionNode = FALSE
	EndGlobalSection
	GlobalSection(ExtensibilityGlobals) = postSolution
		SolutionGuid = {666B581F-8D9D-4D96-A192-9E9F68E996D7}
	EndGlobalSection
EndGlobal
